
Microsoft Visual Studio Solution File, Format Version 12.00
# Visual Studio 14
VisualStudioVersion = 14.0.25420.1
MinimumVisualStudioVersion = 10.0.40219.1
Project("{FAE04EC0-301F-11D3-BF4B-00C04F79EFBC}") = "CoFAS_MES", "CoFAS_MES\CoFAS_MES.csproj", "{89BD367A-D984-4DBE-9A7A-BBC4E8792C4B}"
EndProject
Project("{FAE04EC0-301F-11D3-BF4B-00C04F79EFBC}") = "CoFAS_MES.CORE", "CoFAS_MES.CORE\CoFAS_MES.CORE.csproj", "{667C384E-14B0-4C27-A4AB-22E1DD9D0E41}"
EndProject
Project("{FAE04EC0-301F-11D3-BF4B-00C04F79EFBC}") = "CoFAS_MES.UI.SA", "CoFAS_MES.UI.SA\CoFAS_MES.UI.SA.csproj", "{CCF4B25D-3098-4001-BC6A-B5C039158ED9}"
EndProject
Project("{FAE04EC0-301F-11D3-BF4B-00C04F79EFBC}") = "CoFAS_MES.UI.SM", "CoFAS_MES.UI.SM\CoFAS_MES.UI.SM.csproj", "{FA06AFA6-8C26-4279-9A56-FD34D6864A2B}"
EndProject
Project("{FAE04EC0-301F-11D3-BF4B-00C04F79EFBC}") = "CoFAS_MES.UI.IM", "CoFAS_MES.UI.IM\CoFAS_MES.UI.IM.csproj", "{5B8AFB29-1F27-46BB-A26A-125DF6C355CA}"
EndProject
Project("{FAE04EC0-301F-11D3-BF4B-00C04F79EFBC}") = "CoFAS_MES.POP", "CoFAS_MES.POP\CoFAS_MES.POP.csproj", "{AB294612-B22B-4DB6-A266-9C6A2AEDA906}"
EndProject
Project("{FAE04EC0-301F-11D3-BF4B-00C04F79EFBC}") = "CoFAS_MES.UI.XX", "CoFAS_MES.UI.XX\CoFAS_MES.UI.XX.csproj", "{4259AE9A-6BEF-4257-A98A-C150EF7BDD55}"
EndProject
Project("{FAE04EC0-301F-11D3-BF4B-00C04F79EFBC}") = "CoFAS_MES.UI.MM", "CoFAS_MES.UI.MM\CoFAS_MES.UI.MM.csproj", "{1A406321-C28A-4C4D-9C7F-D3288B0CD813}"
EndProject
Project("{FAE04EC0-301F-11D3-BF4B-00C04F79EFBC}") = "CoFAS_MES.UI.PM", "CoFAS_MES.UI.PM\CoFAS_MES.UI.PM.csproj", "{16C48F9A-DDA0-42B1-B4C5-6F0D153C27A7}"
EndProject
Project("{FAE04EC0-301F-11D3-BF4B-00C04F79EFBC}") = "CoFAS_MES.UI.PO", "CoFAS_MES.UI.PO\CoFAS_MES.UI.PO.csproj", "{D3CA428E-4508-4C6F-8B2F-EEB94798807E}"
EndProject
Project("{FAE04EC0-301F-11D3-BF4B-00C04F79EFBC}") = "CoFAS_MES.AUTO.UL", "CoFAS_MES.AUTO.UL\CoFAS_MES.AUTO.UL.csproj", "{295817AF-2FCF-456D-8F47-7C00F4F749B4}"
EndProject
Project("{FAE04EC0-301F-11D3-BF4B-00C04F79EFBC}") = "CoFAS_MES.AUTO.DWL", "CoFAS_MES.AUTO.DWL\CoFAS_MES.AUTO.DWL.csproj", "{355BAFD1-A569-409A-8A45-653C82C77628}"
EndProject
Project("{FAE04EC0-301F-11D3-BF4B-00C04F79EFBC}") = "CoFAS_MES.UI.EM", "CoFAS_MES.UI.FM\CoFAS_MES.UI.EM.csproj", "{107FFA05-AF27-4D37-BE18-D02B8131683E}"
EndProject
Project("{FAE04EC0-301F-11D3-BF4B-00C04F79EFBC}") = "CoFAS_MES.UI.QC", "CoFAS_MES.UI.QC\CoFAS_MES.UI.QC.csproj", "{8A21B8E4-EF51-4898-8D2E-EAD9D12C7132}"
EndProject
Project("{FAE04EC0-301F-11D3-BF4B-00C04F79EFBC}") = "CoFAS_MES.UI.SP", "CoFAS_MES.UI.SP\CoFAS_MES.UI.SP.csproj", "{D302DA77-6465-45C4-874E-1E3742A7C9C2}"
EndProject
Project("{FAE04EC0-301F-11D3-BF4B-00C04F79EFBC}") = "CoFAS_MES.UI.MO", "CoFAS_MES.UI.MO\CoFAS_MES.UI.MO.csproj", "{133F462F-4B5E-4BF2-93D7-B00DE7A7E6E8}"
EndProject
Global
	GlobalSection(SolutionConfigurationPlatforms) = preSolution
		Debug|Any CPU = Debug|Any CPU
		Release|Any CPU = Release|Any CPU
	EndGlobalSection
	GlobalSection(ProjectConfigurationPlatforms) = postSolution
		{89BD367A-D984-4DBE-9A7A-BBC4E8792C4B}.Debug|Any CPU.ActiveCfg = Debug|Any CPU
		{89BD367A-D984-4DBE-9A7A-BBC4E8792C4B}.Debug|Any CPU.Build.0 = Debug|Any CPU
		{89BD367A-D984-4DBE-9A7A-BBC4E8792C4B}.Release|Any CPU.ActiveCfg = Release|Any CPU
		{89BD367A-D984-4DBE-9A7A-BBC4E8792C4B}.Release|Any CPU.Build.0 = Release|Any CPU
		{667C384E-14B0-4C27-A4AB-22E1DD9D0E41}.Debug|Any CPU.ActiveCfg = Debug|Any CPU
		{667C384E-14B0-4C27-A4AB-22E1DD9D0E41}.Debug|Any CPU.Build.0 = Debug|Any CPU
		{667C384E-14B0-4C27-A4AB-22E1DD9D0E41}.Release|Any CPU.ActiveCfg = Release|Any CPU
		{667C384E-14B0-4C27-A4AB-22E1DD9D0E41}.Release|Any CPU.Build.0 = Release|Any CPU
		{CCF4B25D-3098-4001-BC6A-B5C039158ED9}.Debug|Any CPU.ActiveCfg = Debug|Any CPU
		{CCF4B25D-3098-4001-BC6A-B5C039158ED9}.Debug|Any CPU.Build.0 = Debug|Any CPU
		{CCF4B25D-3098-4001-BC6A-B5C039158ED9}.Release|Any CPU.ActiveCfg = Release|Any CPU
		{CCF4B25D-3098-4001-BC6A-B5C039158ED9}.Release|Any CPU.Build.0 = Release|Any CPU
		{FA06AFA6-8C26-4279-9A56-FD34D6864A2B}.Debug|Any CPU.ActiveCfg = Debug|Any CPU
		{FA06AFA6-8C26-4279-9A56-FD34D6864A2B}.Debug|Any CPU.Build.0 = Debug|Any CPU
		{FA06AFA6-8C26-4279-9A56-FD34D6864A2B}.Release|Any CPU.ActiveCfg = Release|Any CPU
		{FA06AFA6-8C26-4279-9A56-FD34D6864A2B}.Release|Any CPU.Build.0 = Release|Any CPU
		{5B8AFB29-1F27-46BB-A26A-125DF6C355CA}.Debug|Any CPU.ActiveCfg = Debug|Any CPU
		{5B8AFB29-1F27-46BB-A26A-125DF6C355CA}.Debug|Any CPU.Build.0 = Debug|Any CPU
		{5B8AFB29-1F27-46BB-A26A-125DF6C355CA}.Release|Any CPU.ActiveCfg = Release|Any CPU
		{5B8AFB29-1F27-46BB-A26A-125DF6C355CA}.Release|Any CPU.Build.0 = Release|Any CPU
		{AB294612-B22B-4DB6-A266-9C6A2AEDA906}.Debug|Any CPU.ActiveCfg = Debug|Any CPU
		{AB294612-B22B-4DB6-A266-9C6A2AEDA906}.Debug|Any CPU.Build.0 = Debug|Any CPU
		{AB294612-B22B-4DB6-A266-9C6A2AEDA906}.Release|Any CPU.ActiveCfg = Release|Any CPU
		{AB294612-B22B-4DB6-A266-9C6A2AEDA906}.Release|Any CPU.Build.0 = Release|Any CPU
		{4259AE9A-6BEF-4257-A98A-C150EF7BDD55}.Debug|Any CPU.ActiveCfg = Debug|Any CPU
		{4259AE9A-6BEF-4257-A98A-C150EF7BDD55}.Debug|Any CPU.Build.0 = Debug|Any CPU
		{4259AE9A-6BEF-4257-A98A-C150EF7BDD55}.Release|Any CPU.ActiveCfg = Release|Any CPU
		{4259AE9A-6BEF-4257-A98A-C150EF7BDD55}.Release|Any CPU.Build.0 = Release|Any CPU
		{1A406321-C28A-4C4D-9C7F-D3288B0CD813}.Debug|Any CPU.ActiveCfg = Debug|Any CPU
		{1A406321-C28A-4C4D-9C7F-D3288B0CD813}.Debug|Any CPU.Build.0 = Debug|Any CPU
		{1A406321-C28A-4C4D-9C7F-D3288B0CD813}.Release|Any CPU.ActiveCfg = Release|Any CPU
		{1A406321-C28A-4C4D-9C7F-D3288B0CD813}.Release|Any CPU.Build.0 = Release|Any CPU
		{16C48F9A-DDA0-42B1-B4C5-6F0D153C27A7}.Debug|Any CPU.ActiveCfg = Debug|Any CPU
		{16C48F9A-DDA0-42B1-B4C5-6F0D153C27A7}.Debug|Any CPU.Build.0 = Debug|Any CPU
		{16C48F9A-DDA0-42B1-B4C5-6F0D153C27A7}.Release|Any CPU.ActiveCfg = Release|Any CPU
		{16C48F9A-DDA0-42B1-B4C5-6F0D153C27A7}.Release|Any CPU.Build.0 = Release|Any CPU
		{D3CA428E-4508-4C6F-8B2F-EEB94798807E}.Debug|Any CPU.ActiveCfg = Debug|Any CPU
		{D3CA428E-4508-4C6F-8B2F-EEB94798807E}.Debug|Any CPU.Build.0 = Debug|Any CPU
		{D3CA428E-4508-4C6F-8B2F-EEB94798807E}.Release|Any CPU.ActiveCfg = Release|Any CPU
		{D3CA428E-4508-4C6F-8B2F-EEB94798807E}.Release|Any CPU.Build.0 = Release|Any CPU
		{295817AF-2FCF-456D-8F47-7C00F4F749B4}.Debug|Any CPU.ActiveCfg = Debug|Any CPU
		{295817AF-2FCF-456D-8F47-7C00F4F749B4}.Debug|Any CPU.Build.0 = Debug|Any CPU
		{295817AF-2FCF-456D-8F47-7C00F4F749B4}.Release|Any CPU.ActiveCfg = Release|Any CPU
		{295817AF-2FCF-456D-8F47-7C00F4F749B4}.Release|Any CPU.Build.0 = Release|Any CPU
		{355BAFD1-A569-409A-8A45-653C82C77628}.Debug|Any CPU.ActiveCfg = Debug|Any CPU
		{355BAFD1-A569-409A-8A45-653C82C77628}.Debug|Any CPU.Build.0 = Debug|Any CPU
		{355BAFD1-A569-409A-8A45-653C82C77628}.Release|Any CPU.ActiveCfg = Release|Any CPU
		{355BAFD1-A569-409A-8A45-653C82C77628}.Release|Any CPU.Build.0 = Release|Any CPU
		{107FFA05-AF27-4D37-BE18-D02B8131683E}.Debug|Any CPU.ActiveCfg = Debug|Any CPU
		{107FFA05-AF27-4D37-BE18-D02B8131683E}.Debug|Any CPU.Build.0 = Debug|Any CPU
		{107FFA05-AF27-4D37-BE18-D02B8131683E}.Release|Any CPU.ActiveCfg = Release|Any CPU
		{107FFA05-AF27-4D37-BE18-D02B8131683E}.Release|Any CPU.Build.0 = Release|Any CPU
		{8A21B8E4-EF51-4898-8D2E-EAD9D12C7132}.Debug|Any CPU.ActiveCfg = Debug|Any CPU
		{8A21B8E4-EF51-4898-8D2E-EAD9D12C7132}.Debug|Any CPU.Build.0 = Debug|Any CPU
		{8A21B8E4-EF51-4898-8D2E-EAD9D12C7132}.Release|Any CPU.ActiveCfg = Release|Any CPU
		{8A21B8E4-EF51-4898-8D2E-EAD9D12C7132}.Release|Any CPU.Build.0 = Release|Any CPU
		{D302DA77-6465-45C4-874E-1E3742A7C9C2}.Debug|Any CPU.ActiveCfg = Debug|Any CPU
		{D302DA77-6465-45C4-874E-1E3742A7C9C2}.Debug|Any CPU.Build.0 = Debug|Any CPU
		{D302DA77-6465-45C4-874E-1E3742A7C9C2}.Release|Any CPU.ActiveCfg = Release|Any CPU
		{D302DA77-6465-45C4-874E-1E3742A7C9C2}.Release|Any CPU.Build.0 = Release|Any CPU
		{133F462F-4B5E-4BF2-93D7-B00DE7A7E6E8}.Debug|Any CPU.ActiveCfg = Debug|Any CPU
		{133F462F-4B5E-4BF2-93D7-B00DE7A7E6E8}.Debug|Any CPU.Build.0 = Debug|Any CPU
		{133F462F-4B5E-4BF2-93D7-B00DE7A7E6E8}.Release|Any CPU.ActiveCfg = Release|Any CPU
		{133F462F-4B5E-4BF2-93D7-B00DE7A7E6E8}.Release|Any CPU.Build.0 = Release|Any CPU
	EndGlobalSection
	GlobalSection(SolutionProperties) = preSolution
		HideSolutionNode = FALSE
	EndGlobalSection
	GlobalSection(TeamFoundationVersionControl) = preSolution
		SccNumberOfProjects = 17
		SccEnterpriseProvider = {4CA58AB2-18FA-4F8D-95D4-32DDF27D184C}
		SccTeamFoundationServer = http://m.coever.co.kr:8080/tfs/cofas
		SccLocalPath0 = .
		SccProjectUniqueName1 = CoFAS_MES.AUTO.DWL\\CoFAS_MES.AUTO.DWL.csproj
		SccProjectName1 = CoFAS_MES.AUTO.DWL
		SccLocalPath1 = CoFAS_MES.AUTO.DWL
		SccProjectUniqueName2 = CoFAS_MES.AUTO.UL\\CoFAS_MES.AUTO.UL.csproj
		SccProjectName2 = CoFAS_MES.AUTO.UL
		SccLocalPath2 = CoFAS_MES.AUTO.UL
		SccProjectUniqueName3 = CoFAS_MES.CORE\\CoFAS_MES.CORE.csproj
		SccProjectName3 = CoFAS_MES.CORE
		SccLocalPath3 = CoFAS_MES.CORE
		SccProjectUniqueName4 = CoFAS_MES.POP\\CoFAS_MES.POP.csproj
		SccProjectName4 = CoFAS_MES.POP
		SccLocalPath4 = CoFAS_MES.POP
		SccProjectUniqueName5 = CoFAS_MES.UI.FM\\CoFAS_MES.UI.EM.csproj
		SccProjectName5 = CoFAS_MES.UI.FM
		SccLocalPath5 = CoFAS_MES.UI.FM
		SccProjectUniqueName6 = CoFAS_MES.UI.IM\\CoFAS_MES.UI.IM.csproj
		SccProjectName6 = CoFAS_MES.UI.IM
		SccLocalPath6 = CoFAS_MES.UI.IM
		SccProjectUniqueName7 = CoFAS_MES.UI.MM\\CoFAS_MES.UI.MM.csproj
		SccProjectName7 = CoFAS_MES.UI.MM
		SccLocalPath7 = CoFAS_MES.UI.MM
		SccProjectUniqueName8 = CoFAS_MES.UI.MO\\CoFAS_MES.UI.MO.csproj
		SccProjectName8 = CoFAS_MES.UI.MO
		SccLocalPath8 = CoFAS_MES.UI.MO
		SccProjectUniqueName9 = CoFAS_MES.UI.PM\\CoFAS_MES.UI.PM.csproj
		SccProjectName9 = CoFAS_MES.UI.PM
		SccLocalPath9 = CoFAS_MES.UI.PM
		SccProjectUniqueName10 = CoFAS_MES.UI.PO\\CoFAS_MES.UI.PO.csproj
		SccProjectName10 = CoFAS_MES.UI.PO
		SccLocalPath10 = CoFAS_MES.UI.PO
		SccProjectUniqueName11 = CoFAS_MES.UI.QC\\CoFAS_MES.UI.QC.csproj
		SccProjectName11 = CoFAS_MES.UI.QC
		SccLocalPath11 = CoFAS_MES.UI.QC
		SccProjectUniqueName12 = CoFAS_MES.UI.SA\\CoFAS_MES.UI.SA.csproj
		SccProjectName12 = CoFAS_MES.UI.SA
		SccLocalPath12 = CoFAS_MES.UI.SA
		SccProjectUniqueName13 = CoFAS_MES.UI.SM\\CoFAS_MES.UI.SM.csproj
		SccProjectName13 = CoFAS_MES.UI.SM
		SccLocalPath13 = CoFAS_MES.UI.SM
		SccProjectUniqueName14 = CoFAS_MES.UI.SP\\CoFAS_MES.UI.SP.csproj
		SccProjectName14 = CoFAS_MES.UI.SP
		SccLocalPath14 = CoFAS_MES.UI.SP
		SccProjectUniqueName15 = CoFAS_MES.UI.XX\\CoFAS_MES.UI.XX.csproj
		SccProjectName15 = CoFAS_MES.UI.XX
		SccLocalPath15 = CoFAS_MES.UI.XX
		SccProjectUniqueName16 = CoFAS_MES\\CoFAS_MES.csproj
		SccProjectName16 = CoFAS_MES
		SccLocalPath16 = CoFAS_MES
	EndGlobalSection
EndGlobal
